
Microsoft Visual Studio Solution File, Format Version 12.00
# Visual Studio Version 17
VisualStudioVersion = 17.7.34221.43
MinimumVisualStudioVersion = 10.0.40219.1
Project("{9A19103F-16F7-4668-BE54-9A1E7A4F7556}") = "Client", "Client\Client.csproj", "{86D7D99B-92B5-40CC-B819-084C47C8D449}"
EndProject
Project("{9A19103F-16F7-4668-BE54-9A1E7A4F7556}") = "Organization", "Organization\Organization.csproj", "{92069630-3B6B-4661-B189-F1271445CACC}"
EndProject
Project("{9A19103F-16F7-4668-BE54-9A1E7A4F7556}") = "DataBase", "DataBase\DataBase.csproj", "{2167821F-AC2D-4D91-9C8A-8F7611B26114}"
EndProject
Global
	GlobalSection(SolutionConfigurationPlatforms) = preSolution
		Debug|Any CPU = Debug|Any CPU
		Release|Any CPU = Release|Any CPU
	EndGlobalSection
	GlobalSection(ProjectConfigurationPlatforms) = postSolution
		{86D7D99B-92B5-40CC-B819-084C47C8D449}.Debug|Any CPU.ActiveCfg = Debug|Any CPU
		{86D7D99B-92B5-40CC-B819-084C47C8D449}.Debug|Any CPU.Build.0 = Debug|Any CPU
		{86D7D99B-92B5-40CC-B819-084C47C8D449}.Release|Any CPU.ActiveCfg = Release|Any CPU
		{86D7D99B-92B5-40CC-B819-084C47C8D449}.Release|Any CPU.Build.0 = Release|Any CPU
		{92069630-3B6B-4661-B189-F1271445CACC}.Debug|Any CPU.ActiveCfg = Debug|Any CPU
		{92069630-3B6B-4661-B189-F1271445CACC}.Debug|Any CPU.Build.0 = Debug|Any CPU
		{92069630-3B6B-4661-B189-F1271445CACC}.Release|Any CPU.ActiveCfg = Release|Any CPU
		{92069630-3B6B-4661-B189-F1271445CACC}.Release|Any CPU.Build.0 = Release|Any CPU
		{2167821F-AC2D-4D91-9C8A-8F7611B26114}.Debug|Any CPU.ActiveCfg = Debug|Any CPU
		{2167821F-AC2D-4D91-9C8A-8F7611B26114}.Debug|Any CPU.Build.0 = Debug|Any CPU
		{2167821F-AC2D-4D91-9C8A-8F7611B26114}.Release|Any CPU.ActiveCfg = Release|Any CPU
		{2167821F-AC2D-4D91-9C8A-8F7611B26114}.Release|Any CPU.Build.0 = Release|Any CPU
	EndGlobalSection
	GlobalSection(SolutionProperties) = preSolution
		HideSolutionNode = FALSE
	EndGlobalSection
	GlobalSection(ExtensibilityGlobals) = postSolution
		SolutionGuid = {A41291DE-69B5-44D0-8B8C-13B8413A9E47}
	EndGlobalSection
EndGlobal
